
Microsoft Visual Studio Solution File, Format Version 12.00
# Visual Studio 15
VisualStudioVersion = 15.0.27428.2037
MinimumVisualStudioVersion = 10.0.40219.1
Project("{9A19103F-16F7-4668-BE54-9A1E7A4F7556}") = "WebBlog", "WebBlog\WebBlog.csproj", "{5FF881E7-A28D-40E9-9AF0-6ED6F650E5C6}"
EndProject
Project("{2150E333-8FDC-42A3-9474-1A3956D46DE8}") = "ApplicationCore", "ApplicationCore", "{0A9996AB-7E04-4BFD-89DD-A3D01749EF2A}"
EndProject
Project("{2150E333-8FDC-42A3-9474-1A3956D46DE8}") = "Infrastructure", "Infrastructure", "{F2E0FCBB-F6C4-4671-A09B-A875C201D500}"
EndProject
Project("{2150E333-8FDC-42A3-9474-1A3956D46DE8}") = "UserInterface", "UserInterface", "{3720454D-6C4E-4B60-9CF3-119226CB1D42}"
EndProject
Project("{2150E333-8FDC-42A3-9474-1A3956D46DE8}") = "Tests", "Tests", "{672003C7-C73D-4E88-BC40-20DBCF757E88}"
EndProject
Project("{9A19103F-16F7-4668-BE54-9A1E7A4F7556}") = "WebBlog.Database", "WebBlog.Database\WebBlog.Database.csproj", "{AD026C20-A0D7-40ED-B944-C4DDEB740312}"
EndProject
Project("{9A19103F-16F7-4668-BE54-9A1E7A4F7556}") = "WebBlog.Common", "WebBlog.Common\WebBlog.Common.csproj", "{5A0F1984-B2D4-42D1-989C-643740B4A814}"
EndProject
Project("{9A19103F-16F7-4668-BE54-9A1E7A4F7556}") = "WebBlog.Services", "WebBlog.Services\WebBlog.Services.csproj", "{BCCBDEC1-3DB1-4023-8406-9E1EBFE5E7D1}"
EndProject
Project("{9A19103F-16F7-4668-BE54-9A1E7A4F7556}") = "WebBlog.UnitTest", "WebBlog.UnitTest\WebBlog.UnitTest.csproj", "{EE543A3C-E1DC-4CF8-B2FA-D5DDF1A91FD8}"
EndProject
Project("{9A19103F-16F7-4668-BE54-9A1E7A4F7556}") = "WebBlog.Api", "WebBlog.Api\WebBlog.Api.csproj", "{5FB2AFF1-F9D4-4A0E-B24A-2ECE7DF228DD}"
EndProject
Global
	GlobalSection(SolutionConfigurationPlatforms) = preSolution
		Debug|Any CPU = Debug|Any CPU
		Release|Any CPU = Release|Any CPU
	EndGlobalSection
	GlobalSection(ProjectConfigurationPlatforms) = postSolution
		{5FF881E7-A28D-40E9-9AF0-6ED6F650E5C6}.Debug|Any CPU.ActiveCfg = Debug|Any CPU
		{5FF881E7-A28D-40E9-9AF0-6ED6F650E5C6}.Debug|Any CPU.Build.0 = Debug|Any CPU
		{5FF881E7-A28D-40E9-9AF0-6ED6F650E5C6}.Release|Any CPU.ActiveCfg = Release|Any CPU
		{5FF881E7-A28D-40E9-9AF0-6ED6F650E5C6}.Release|Any CPU.Build.0 = Release|Any CPU
		{AD026C20-A0D7-40ED-B944-C4DDEB740312}.Debug|Any CPU.ActiveCfg = Debug|Any CPU
		{AD026C20-A0D7-40ED-B944-C4DDEB740312}.Debug|Any CPU.Build.0 = Debug|Any CPU
		{AD026C20-A0D7-40ED-B944-C4DDEB740312}.Release|Any CPU.ActiveCfg = Release|Any CPU
		{AD026C20-A0D7-40ED-B944-C4DDEB740312}.Release|Any CPU.Build.0 = Release|Any CPU
		{5A0F1984-B2D4-42D1-989C-643740B4A814}.Debug|Any CPU.ActiveCfg = Debug|Any CPU
		{5A0F1984-B2D4-42D1-989C-643740B4A814}.Debug|Any CPU.Build.0 = Debug|Any CPU
		{5A0F1984-B2D4-42D1-989C-643740B4A814}.Release|Any CPU.ActiveCfg = Release|Any CPU
		{5A0F1984-B2D4-42D1-989C-643740B4A814}.Release|Any CPU.Build.0 = Release|Any CPU
		{BCCBDEC1-3DB1-4023-8406-9E1EBFE5E7D1}.Debug|Any CPU.ActiveCfg = Debug|Any CPU
		{BCCBDEC1-3DB1-4023-8406-9E1EBFE5E7D1}.Debug|Any CPU.Build.0 = Debug|Any CPU
		{BCCBDEC1-3DB1-4023-8406-9E1EBFE5E7D1}.Release|Any CPU.ActiveCfg = Release|Any CPU
		{BCCBDEC1-3DB1-4023-8406-9E1EBFE5E7D1}.Release|Any CPU.Build.0 = Release|Any CPU
		{EE543A3C-E1DC-4CF8-B2FA-D5DDF1A91FD8}.Debug|Any CPU.ActiveCfg = Debug|Any CPU
		{EE543A3C-E1DC-4CF8-B2FA-D5DDF1A91FD8}.Debug|Any CPU.Build.0 = Debug|Any CPU
		{EE543A3C-E1DC-4CF8-B2FA-D5DDF1A91FD8}.Release|Any CPU.ActiveCfg = Release|Any CPU
		{EE543A3C-E1DC-4CF8-B2FA-D5DDF1A91FD8}.Release|Any CPU.Build.0 = Release|Any CPU
		{5FB2AFF1-F9D4-4A0E-B24A-2ECE7DF228DD}.Debug|Any CPU.ActiveCfg = Debug|Any CPU
		{5FB2AFF1-F9D4-4A0E-B24A-2ECE7DF228DD}.Debug|Any CPU.Build.0 = Debug|Any CPU
		{5FB2AFF1-F9D4-4A0E-B24A-2ECE7DF228DD}.Release|Any CPU.ActiveCfg = Release|Any CPU
		{5FB2AFF1-F9D4-4A0E-B24A-2ECE7DF228DD}.Release|Any CPU.Build.0 = Release|Any CPU
	EndGlobalSection
	GlobalSection(SolutionProperties) = preSolution
		HideSolutionNode = FALSE
	EndGlobalSection
	GlobalSection(NestedProjects) = preSolution
		{5FF881E7-A28D-40E9-9AF0-6ED6F650E5C6} = {3720454D-6C4E-4B60-9CF3-119226CB1D42}
		{AD026C20-A0D7-40ED-B944-C4DDEB740312} = {F2E0FCBB-F6C4-4671-A09B-A875C201D500}
		{5A0F1984-B2D4-42D1-989C-643740B4A814} = {F2E0FCBB-F6C4-4671-A09B-A875C201D500}
		{BCCBDEC1-3DB1-4023-8406-9E1EBFE5E7D1} = {0A9996AB-7E04-4BFD-89DD-A3D01749EF2A}
		{EE543A3C-E1DC-4CF8-B2FA-D5DDF1A91FD8} = {672003C7-C73D-4E88-BC40-20DBCF757E88}
		{5FB2AFF1-F9D4-4A0E-B24A-2ECE7DF228DD} = {3720454D-6C4E-4B60-9CF3-119226CB1D42}
	EndGlobalSection
	GlobalSection(ExtensibilityGlobals) = postSolution
		SolutionGuid = {D1FDF932-2299-4237-B4D1-41F1654E7A4A}
	EndGlobalSection
EndGlobal
